
Microsoft Visual Studio Solution File, Format Version 12.00
# Visual Studio Version 17
VisualStudioVersion = 17.8.34525.116
MinimumVisualStudioVersion = 10.0.40219.1
Project("{2150E333-8FDC-42A3-9474-1A3956D46DE8}") = "src", "src", "{6AF26D42-072A-480D-81DD-A6F3C767880D}"
EndProject
Project("{2150E333-8FDC-42A3-9474-1A3956D46DE8}") = "Common", "Common", "{DD1E4756-20E8-483D-A3FD-9040CD54A4D5}"
EndProject
Project("{9A19103F-16F7-4668-BE54-9A1E7A4F7556}") = "Shared", "src\Common\Shared\Shared.csproj", "{761F8663-E9AD-4C5B-9403-A8469F633EE6}"
EndProject
Project("{9A19103F-16F7-4668-BE54-9A1E7A4F7556}") = "Domain", "src\Common\Domain\Domain.csproj", "{78779A89-7AF5-4076-B932-379B95FA860C}"
EndProject
Project("{9A19103F-16F7-4668-BE54-9A1E7A4F7556}") = "Application", "src\Common\Application\Application.csproj", "{B956177F-4347-4E21-8112-F7D96D3E197F}"
EndProject
Project("{9A19103F-16F7-4668-BE54-9A1E7A4F7556}") = "Endpoints", "src\Common\Endpoints\Endpoints.csproj", "{44E6D7AC-EFAA-4DDD-BDED-00A4BDEBE26E}"
EndProject
Project("{9A19103F-16F7-4668-BE54-9A1E7A4F7556}") = "Authorization", "src\Common\Authorization\Authorization.csproj", "{46D3789A-BB44-41C3-8ED9-9CBFE14BA947}"
EndProject
Project("{9A19103F-16F7-4668-BE54-9A1E7A4F7556}") = "Persistence", "src\Common\Persistence\Persistence.csproj", "{E09C438F-B6DB-434A-9DFE-E352D00F1A1D}"
EndProject
Project("{9A19103F-16F7-4668-BE54-9A1E7A4F7556}") = "Infrastructure", "src\Common\Infrastructure\Infrastructure.csproj", "{ADB856C0-9A54-4623-9F90-56D9B9004D71}"
EndProject
Project("{2150E333-8FDC-42A3-9474-1A3956D46DE8}") = "backend", "backend", "{E28D425B-9C6F-40AB-B252-4D296DC97852}"
EndProject
Project("{2150E333-8FDC-42A3-9474-1A3956D46DE8}") = "Catalog", "Catalog", "{C9134A20-9791-47A1-9D85-0B77FC9ACCFE}"
EndProject
Project("{9A19103F-16F7-4668-BE54-9A1E7A4F7556}") = "Service.Catalog.Domain", "src\backend\Catalog\Service.Catalog.Domain\Service.Catalog.Domain.csproj", "{97BB6BFD-BB6E-42A1-B578-DB41647FA5BE}"
EndProject
Project("{9A19103F-16F7-4668-BE54-9A1E7A4F7556}") = "Service.Catalog.Application", "src\backend\Catalog\Service.Catalog.Application\Service.Catalog.Application.csproj", "{321DA2A4-6C2D-40A5-ADCB-281273AA2E0A}"
EndProject
Project("{9A19103F-16F7-4668-BE54-9A1E7A4F7556}") = "Service.Catalog.Endpoints", "src\backend\Catalog\Service.Catalog.Endpoints\Service.Catalog.Endpoints.csproj", "{696A954D-D258-41F2-8ABD-B4806CD559EB}"
EndProject
Project("{9A19103F-16F7-4668-BE54-9A1E7A4F7556}") = "Service.Catalog.Infrastructure", "src\backend\Catalog\Service.Catalog.Infrastructure\Service.Catalog.Infrastructure.csproj", "{8936870C-DB09-4FBC-BD3C-3CFF88AAFDF3}"
EndProject
Project("{9A19103F-16F7-4668-BE54-9A1E7A4F7556}") = "Service.Catalog.IntegrationEvents", "src\backend\Catalog\Service.Catalog.IntegrationEvents\Service.Catalog.IntegrationEvents.csproj", "{4733927E-BCC6-4E6D-9DA0-BE2075CAF1AE}"
EndProject
Project("{9A19103F-16F7-4668-BE54-9A1E7A4F7556}") = "Service.Catalog.Persistence", "src\backend\Catalog\Service.Catalog.Persistence\Service.Catalog.Persistence.csproj", "{27C1527D-E005-43AE-8EAB-AFEE2AC1A70E}"
EndProject
Project("{9A19103F-16F7-4668-BE54-9A1E7A4F7556}") = "Service.Catalog.WebApi", "src\backend\Catalog\Service.Catalog.WebApi\Service.Catalog.WebApi.csproj", "{33558D73-C2E6-42BC-B9EB-835E6E20FE7B}"
EndProject
Project("{2150E333-8FDC-42A3-9474-1A3956D46DE8}") = "Order", "Order", "{F844AD24-3715-40BF-A2CB-F6F52A11D8DF}"
EndProject
Project("{9A19103F-16F7-4668-BE54-9A1E7A4F7556}") = "Service.Order.Domain", "src\backend\Order\Service.Order.Domain\Service.Order.Domain.csproj", "{6B50C6BE-3338-4238-B052-4FF0D60DB836}"
EndProject
Project("{9A19103F-16F7-4668-BE54-9A1E7A4F7556}") = "Service.Order.Application", "src\backend\Order\Service.Order.Application\Service.Order.Application.csproj", "{757AD67A-1589-4B29-B84E-DA7E4B0C3474}"
EndProject
Project("{9A19103F-16F7-4668-BE54-9A1E7A4F7556}") = "Service.Order.Endpoints", "src\backend\Order\Service.Order.Endpoints\Service.Order.Endpoints.csproj", "{2E9FF4D2-859C-4C09-AF7F-E3E82F895A67}"
EndProject
Project("{9A19103F-16F7-4668-BE54-9A1E7A4F7556}") = "Service.Order.Infrastructure", "src\backend\Order\Service.Order.Infrastructure\Service.Order.Infrastructure.csproj", "{05EB5B58-0AC8-438F-9B7B-FBAB36FE7F73}"
EndProject
Project("{9A19103F-16F7-4668-BE54-9A1E7A4F7556}") = "Service.Order.IntegrationEvents", "src\backend\Order\Service.Order.IntegrationEvents\Service.Order.IntegrationEvents.csproj", "{4CD6B53B-634E-4A15-AFEA-75AF8C4540F5}"
EndProject
Project("{9A19103F-16F7-4668-BE54-9A1E7A4F7556}") = "Service.Order.Persistence", "src\backend\Order\Service.Order.Persistence\Service.Order.Persistence.csproj", "{3402B279-6472-49C6-89C1-80FEA70B74A1}"
EndProject
Project("{9A19103F-16F7-4668-BE54-9A1E7A4F7556}") = "Service.Order.WebApi", "src\backend\Order\Service.Order.WebApi\Service.Order.WebApi.csproj", "{E2662F0C-85B7-4369-AB1B-4252C42EC6EA}"
EndProject
Project("{2150E333-8FDC-42A3-9474-1A3956D46DE8}") = "Payments", "Payments", "{7FC836B2-15B6-4F62-9B19-9768BA9B1C19}"
EndProject
Project("{9A19103F-16F7-4668-BE54-9A1E7A4F7556}") = "Service.Payments.IntegrationEvents", "src\backend\Payments\Service.Payments.IntegrationEvents\Service.Payments.IntegrationEvents.csproj", "{9BFE9E7E-D025-446D-881A-0C15550CA32A}"
EndProject
Project("{2150E333-8FDC-42A3-9474-1A3956D46DE8}") = "Shipments", "Shipments", "{DE3789DC-A0C1-4904-99E7-3E6FD9E6CB42}"
EndProject
Project("{FAE04EC0-301F-11D3-BF4B-00C04F79EFBC}") = "Service.Shipments.IntegrationEvents", "src\backend\Shipments\Service.Shipments.IntegrationEvents\Service.Shipments.IntegrationEvents.csproj", "{E2C247A7-AF8D-4682-9DAD-AF9C1BB4B5F7}"
EndProject
Global
	GlobalSection(SolutionConfigurationPlatforms) = preSolution
		Debug|Any CPU = Debug|Any CPU
		Release|Any CPU = Release|Any CPU
	EndGlobalSection
	GlobalSection(ProjectConfigurationPlatforms) = postSolution
		{761F8663-E9AD-4C5B-9403-A8469F633EE6}.Debug|Any CPU.ActiveCfg = Debug|Any CPU
		{761F8663-E9AD-4C5B-9403-A8469F633EE6}.Debug|Any CPU.Build.0 = Debug|Any CPU
		{761F8663-E9AD-4C5B-9403-A8469F633EE6}.Release|Any CPU.ActiveCfg = Release|Any CPU
		{761F8663-E9AD-4C5B-9403-A8469F633EE6}.Release|Any CPU.Build.0 = Release|Any CPU
		{78779A89-7AF5-4076-B932-379B95FA860C}.Debug|Any CPU.ActiveCfg = Debug|Any CPU
		{78779A89-7AF5-4076-B932-379B95FA860C}.Debug|Any CPU.Build.0 = Debug|Any CPU
		{78779A89-7AF5-4076-B932-379B95FA860C}.Release|Any CPU.ActiveCfg = Release|Any CPU
		{78779A89-7AF5-4076-B932-379B95FA860C}.Release|Any CPU.Build.0 = Release|Any CPU
		{B956177F-4347-4E21-8112-F7D96D3E197F}.Debug|Any CPU.ActiveCfg = Debug|Any CPU
		{B956177F-4347-4E21-8112-F7D96D3E197F}.Debug|Any CPU.Build.0 = Debug|Any CPU
		{B956177F-4347-4E21-8112-F7D96D3E197F}.Release|Any CPU.ActiveCfg = Release|Any CPU
		{B956177F-4347-4E21-8112-F7D96D3E197F}.Release|Any CPU.Build.0 = Release|Any CPU
		{44E6D7AC-EFAA-4DDD-BDED-00A4BDEBE26E}.Debug|Any CPU.ActiveCfg = Debug|Any CPU
		{44E6D7AC-EFAA-4DDD-BDED-00A4BDEBE26E}.Debug|Any CPU.Build.0 = Debug|Any CPU
		{44E6D7AC-EFAA-4DDD-BDED-00A4BDEBE26E}.Release|Any CPU.ActiveCfg = Release|Any CPU
		{44E6D7AC-EFAA-4DDD-BDED-00A4BDEBE26E}.Release|Any CPU.Build.0 = Release|Any CPU
		{46D3789A-BB44-41C3-8ED9-9CBFE14BA947}.Debug|Any CPU.ActiveCfg = Debug|Any CPU
		{46D3789A-BB44-41C3-8ED9-9CBFE14BA947}.Debug|Any CPU.Build.0 = Debug|Any CPU
		{46D3789A-BB44-41C3-8ED9-9CBFE14BA947}.Release|Any CPU.ActiveCfg = Release|Any CPU
		{46D3789A-BB44-41C3-8ED9-9CBFE14BA947}.Release|Any CPU.Build.0 = Release|Any CPU
		{E09C438F-B6DB-434A-9DFE-E352D00F1A1D}.Debug|Any CPU.ActiveCfg = Debug|Any CPU
		{E09C438F-B6DB-434A-9DFE-E352D00F1A1D}.Debug|Any CPU.Build.0 = Debug|Any CPU
		{E09C438F-B6DB-434A-9DFE-E352D00F1A1D}.Release|Any CPU.ActiveCfg = Release|Any CPU
		{E09C438F-B6DB-434A-9DFE-E352D00F1A1D}.Release|Any CPU.Build.0 = Release|Any CPU
		{ADB856C0-9A54-4623-9F90-56D9B9004D71}.Debug|Any CPU.ActiveCfg = Debug|Any CPU
		{ADB856C0-9A54-4623-9F90-56D9B9004D71}.Debug|Any CPU.Build.0 = Debug|Any CPU
		{ADB856C0-9A54-4623-9F90-56D9B9004D71}.Release|Any CPU.ActiveCfg = Release|Any CPU
		{ADB856C0-9A54-4623-9F90-56D9B9004D71}.Release|Any CPU.Build.0 = Release|Any CPU
		{97BB6BFD-BB6E-42A1-B578-DB41647FA5BE}.Debug|Any CPU.ActiveCfg = Debug|Any CPU
		{97BB6BFD-BB6E-42A1-B578-DB41647FA5BE}.Debug|Any CPU.Build.0 = Debug|Any CPU
		{97BB6BFD-BB6E-42A1-B578-DB41647FA5BE}.Release|Any CPU.ActiveCfg = Release|Any CPU
		{97BB6BFD-BB6E-42A1-B578-DB41647FA5BE}.Release|Any CPU.Build.0 = Release|Any CPU
		{321DA2A4-6C2D-40A5-ADCB-281273AA2E0A}.Debug|Any CPU.ActiveCfg = Debug|Any CPU
		{321DA2A4-6C2D-40A5-ADCB-281273AA2E0A}.Debug|Any CPU.Build.0 = Debug|Any CPU
		{321DA2A4-6C2D-40A5-ADCB-281273AA2E0A}.Release|Any CPU.ActiveCfg = Release|Any CPU
		{321DA2A4-6C2D-40A5-ADCB-281273AA2E0A}.Release|Any CPU.Build.0 = Release|Any CPU
		{696A954D-D258-41F2-8ABD-B4806CD559EB}.Debug|Any CPU.ActiveCfg = Debug|Any CPU
		{696A954D-D258-41F2-8ABD-B4806CD559EB}.Debug|Any CPU.Build.0 = Debug|Any CPU
		{696A954D-D258-41F2-8ABD-B4806CD559EB}.Release|Any CPU.ActiveCfg = Release|Any CPU
		{696A954D-D258-41F2-8ABD-B4806CD559EB}.Release|Any CPU.Build.0 = Release|Any CPU
		{8936870C-DB09-4FBC-BD3C-3CFF88AAFDF3}.Debug|Any CPU.ActiveCfg = Debug|Any CPU
		{8936870C-DB09-4FBC-BD3C-3CFF88AAFDF3}.Debug|Any CPU.Build.0 = Debug|Any CPU
		{8936870C-DB09-4FBC-BD3C-3CFF88AAFDF3}.Release|Any CPU.ActiveCfg = Release|Any CPU
		{8936870C-DB09-4FBC-BD3C-3CFF88AAFDF3}.Release|Any CPU.Build.0 = Release|Any CPU
		{4733927E-BCC6-4E6D-9DA0-BE2075CAF1AE}.Debug|Any CPU.ActiveCfg = Debug|Any CPU
		{4733927E-BCC6-4E6D-9DA0-BE2075CAF1AE}.Debug|Any CPU.Build.0 = Debug|Any CPU
		{4733927E-BCC6-4E6D-9DA0-BE2075CAF1AE}.Release|Any CPU.ActiveCfg = Release|Any CPU
		{4733927E-BCC6-4E6D-9DA0-BE2075CAF1AE}.Release|Any CPU.Build.0 = Release|Any CPU
		{27C1527D-E005-43AE-8EAB-AFEE2AC1A70E}.Debug|Any CPU.ActiveCfg = Debug|Any CPU
		{27C1527D-E005-43AE-8EAB-AFEE2AC1A70E}.Debug|Any CPU.Build.0 = Debug|Any CPU
		{27C1527D-E005-43AE-8EAB-AFEE2AC1A70E}.Release|Any CPU.ActiveCfg = Release|Any CPU
		{27C1527D-E005-43AE-8EAB-AFEE2AC1A70E}.Release|Any CPU.Build.0 = Release|Any CPU
		{33558D73-C2E6-42BC-B9EB-835E6E20FE7B}.Debug|Any CPU.ActiveCfg = Debug|Any CPU
		{33558D73-C2E6-42BC-B9EB-835E6E20FE7B}.Debug|Any CPU.Build.0 = Debug|Any CPU
		{33558D73-C2E6-42BC-B9EB-835E6E20FE7B}.Release|Any CPU.ActiveCfg = Release|Any CPU
		{33558D73-C2E6-42BC-B9EB-835E6E20FE7B}.Release|Any CPU.Build.0 = Release|Any CPU
		{6B50C6BE-3338-4238-B052-4FF0D60DB836}.Debug|Any CPU.ActiveCfg = Debug|Any CPU
		{6B50C6BE-3338-4238-B052-4FF0D60DB836}.Debug|Any CPU.Build.0 = Debug|Any CPU
		{6B50C6BE-3338-4238-B052-4FF0D60DB836}.Release|Any CPU.ActiveCfg = Release|Any CPU
		{6B50C6BE-3338-4238-B052-4FF0D60DB836}.Release|Any CPU.Build.0 = Release|Any CPU
		{757AD67A-1589-4B29-B84E-DA7E4B0C3474}.Debug|Any CPU.ActiveCfg = Debug|Any CPU
		{757AD67A-1589-4B29-B84E-DA7E4B0C3474}.Debug|Any CPU.Build.0 = Debug|Any CPU
		{757AD67A-1589-4B29-B84E-DA7E4B0C3474}.Release|Any CPU.ActiveCfg = Release|Any CPU
		{757AD67A-1589-4B29-B84E-DA7E4B0C3474}.Release|Any CPU.Build.0 = Release|Any CPU
		{2E9FF4D2-859C-4C09-AF7F-E3E82F895A67}.Debug|Any CPU.ActiveCfg = Debug|Any CPU
		{2E9FF4D2-859C-4C09-AF7F-E3E82F895A67}.Debug|Any CPU.Build.0 = Debug|Any CPU
		{2E9FF4D2-859C-4C09-AF7F-E3E82F895A67}.Release|Any CPU.ActiveCfg = Release|Any CPU
		{2E9FF4D2-859C-4C09-AF7F-E3E82F895A67}.Release|Any CPU.Build.0 = Release|Any CPU
		{05EB5B58-0AC8-438F-9B7B-FBAB36FE7F73}.Debug|Any CPU.ActiveCfg = Debug|Any CPU
		{05EB5B58-0AC8-438F-9B7B-FBAB36FE7F73}.Debug|Any CPU.Build.0 = Debug|Any CPU
		{05EB5B58-0AC8-438F-9B7B-FBAB36FE7F73}.Release|Any CPU.ActiveCfg = Release|Any CPU
		{05EB5B58-0AC8-438F-9B7B-FBAB36FE7F73}.Release|Any CPU.Build.0 = Release|Any CPU
		{4CD6B53B-634E-4A15-AFEA-75AF8C4540F5}.Debug|Any CPU.ActiveCfg = Debug|Any CPU
		{4CD6B53B-634E-4A15-AFEA-75AF8C4540F5}.Debug|Any CPU.Build.0 = Debug|Any CPU
		{4CD6B53B-634E-4A15-AFEA-75AF8C4540F5}.Release|Any CPU.ActiveCfg = Release|Any CPU
		{4CD6B53B-634E-4A15-AFEA-75AF8C4540F5}.Release|Any CPU.Build.0 = Release|Any CPU
		{3402B279-6472-49C6-89C1-80FEA70B74A1}.Debug|Any CPU.ActiveCfg = Debug|Any CPU
		{3402B279-6472-49C6-89C1-80FEA70B74A1}.Debug|Any CPU.Build.0 = Debug|Any CPU
		{3402B279-6472-49C6-89C1-80FEA70B74A1}.Release|Any CPU.ActiveCfg = Release|Any CPU
		{3402B279-6472-49C6-89C1-80FEA70B74A1}.Release|Any CPU.Build.0 = Release|Any CPU
		{E2662F0C-85B7-4369-AB1B-4252C42EC6EA}.Debug|Any CPU.ActiveCfg = Debug|Any CPU
		{E2662F0C-85B7-4369-AB1B-4252C42EC6EA}.Debug|Any CPU.Build.0 = Debug|Any CPU
		{E2662F0C-85B7-4369-AB1B-4252C42EC6EA}.Release|Any CPU.ActiveCfg = Release|Any CPU
		{E2662F0C-85B7-4369-AB1B-4252C42EC6EA}.Release|Any CPU.Build.0 = Release|Any CPU
		{9BFE9E7E-D025-446D-881A-0C15550CA32A}.Debug|Any CPU.ActiveCfg = Debug|Any CPU
		{9BFE9E7E-D025-446D-881A-0C15550CA32A}.Debug|Any CPU.Build.0 = Debug|Any CPU
		{9BFE9E7E-D025-446D-881A-0C15550CA32A}.Release|Any CPU.ActiveCfg = Release|Any CPU
		{9BFE9E7E-D025-446D-881A-0C15550CA32A}.Release|Any CPU.Build.0 = Release|Any CPU
		{E2C247A7-AF8D-4682-9DAD-AF9C1BB4B5F7}.Debug|Any CPU.ActiveCfg = Debug|Any CPU
		{E2C247A7-AF8D-4682-9DAD-AF9C1BB4B5F7}.Debug|Any CPU.Build.0 = Debug|Any CPU
		{E2C247A7-AF8D-4682-9DAD-AF9C1BB4B5F7}.Release|Any CPU.ActiveCfg = Release|Any CPU
		{E2C247A7-AF8D-4682-9DAD-AF9C1BB4B5F7}.Release|Any CPU.Build.0 = Release|Any CPU
	EndGlobalSection
	GlobalSection(SolutionProperties) = preSolution
		HideSolutionNode = FALSE
	EndGlobalSection
	GlobalSection(NestedProjects) = preSolution
		{DD1E4756-20E8-483D-A3FD-9040CD54A4D5} = {6AF26D42-072A-480D-81DD-A6F3C767880D}
		{761F8663-E9AD-4C5B-9403-A8469F633EE6} = {DD1E4756-20E8-483D-A3FD-9040CD54A4D5}
		{78779A89-7AF5-4076-B932-379B95FA860C} = {DD1E4756-20E8-483D-A3FD-9040CD54A4D5}
		{B956177F-4347-4E21-8112-F7D96D3E197F} = {DD1E4756-20E8-483D-A3FD-9040CD54A4D5}
		{44E6D7AC-EFAA-4DDD-BDED-00A4BDEBE26E} = {DD1E4756-20E8-483D-A3FD-9040CD54A4D5}
		{46D3789A-BB44-41C3-8ED9-9CBFE14BA947} = {DD1E4756-20E8-483D-A3FD-9040CD54A4D5}
		{E09C438F-B6DB-434A-9DFE-E352D00F1A1D} = {DD1E4756-20E8-483D-A3FD-9040CD54A4D5}
		{ADB856C0-9A54-4623-9F90-56D9B9004D71} = {DD1E4756-20E8-483D-A3FD-9040CD54A4D5}
		{E28D425B-9C6F-40AB-B252-4D296DC97852} = {6AF26D42-072A-480D-81DD-A6F3C767880D}
		{C9134A20-9791-47A1-9D85-0B77FC9ACCFE} = {E28D425B-9C6F-40AB-B252-4D296DC97852}
		{97BB6BFD-BB6E-42A1-B578-DB41647FA5BE} = {C9134A20-9791-47A1-9D85-0B77FC9ACCFE}
		{321DA2A4-6C2D-40A5-ADCB-281273AA2E0A} = {C9134A20-9791-47A1-9D85-0B77FC9ACCFE}
		{696A954D-D258-41F2-8ABD-B4806CD559EB} = {C9134A20-9791-47A1-9D85-0B77FC9ACCFE}
		{8936870C-DB09-4FBC-BD3C-3CFF88AAFDF3} = {C9134A20-9791-47A1-9D85-0B77FC9ACCFE}
		{4733927E-BCC6-4E6D-9DA0-BE2075CAF1AE} = {C9134A20-9791-47A1-9D85-0B77FC9ACCFE}
		{27C1527D-E005-43AE-8EAB-AFEE2AC1A70E} = {C9134A20-9791-47A1-9D85-0B77FC9ACCFE}
		{33558D73-C2E6-42BC-B9EB-835E6E20FE7B} = {C9134A20-9791-47A1-9D85-0B77FC9ACCFE}
		{F844AD24-3715-40BF-A2CB-F6F52A11D8DF} = {E28D425B-9C6F-40AB-B252-4D296DC97852}
		{6B50C6BE-3338-4238-B052-4FF0D60DB836} = {F844AD24-3715-40BF-A2CB-F6F52A11D8DF}
		{757AD67A-1589-4B29-B84E-DA7E4B0C3474} = {F844AD24-3715-40BF-A2CB-F6F52A11D8DF}
		{2E9FF4D2-859C-4C09-AF7F-E3E82F895A67} = {F844AD24-3715-40BF-A2CB-F6F52A11D8DF}
		{05EB5B58-0AC8-438F-9B7B-FBAB36FE7F73} = {F844AD24-3715-40BF-A2CB-F6F52A11D8DF}
		{4CD6B53B-634E-4A15-AFEA-75AF8C4540F5} = {F844AD24-3715-40BF-A2CB-F6F52A11D8DF}
		{3402B279-6472-49C6-89C1-80FEA70B74A1} = {F844AD24-3715-40BF-A2CB-F6F52A11D8DF}
		{E2662F0C-85B7-4369-AB1B-4252C42EC6EA} = {F844AD24-3715-40BF-A2CB-F6F52A11D8DF}
		{7FC836B2-15B6-4F62-9B19-9768BA9B1C19} = {E28D425B-9C6F-40AB-B252-4D296DC97852}
		{9BFE9E7E-D025-446D-881A-0C15550CA32A} = {7FC836B2-15B6-4F62-9B19-9768BA9B1C19}
		{DE3789DC-A0C1-4904-99E7-3E6FD9E6CB42} = {E28D425B-9C6F-40AB-B252-4D296DC97852}
		{E2C247A7-AF8D-4682-9DAD-AF9C1BB4B5F7} = {DE3789DC-A0C1-4904-99E7-3E6FD9E6CB42}
	EndGlobalSection
	GlobalSection(ExtensibilityGlobals) = postSolution
		SolutionGuid = {AC2C67E6-9091-44CF-B200-E16EC3FE9C25}
	EndGlobalSection
EndGlobal
